<?xml version="1.0" encoding="utf-8"?>
<Project ToolsVersion="4.0" xmlns="http://schemas.microsoft.com/developer/msbuild/2003">
  <ItemGroup>
    <Filter Include="src">
      <UniqueIdentifier>{a165677d-30b4-4561-b3cb-69698c91c9be}</UniqueIdentifier>
    </Filter>
    <Filter Include="assets">
      <UniqueIdentifier>{b1546d1d-caa0-4c3b-b573-e422c1f6d276}</UniqueIdentifier>
    </Filter>
    <Filter Include="lib">
      <UniqueIdentifier>{cd4c1076-508c-4bfd-8b88-54b82020b430}</UniqueIdentifier>
    </Filter>
    <Filter Include="test">
      <UniqueIdentifier>{07a09546-8a68-4143-a988-ee842a2d8f5d}</UniqueIdentifier>
    </Filter>
    <Filter Include="src\bin">
      <UniqueIdentifier>{cdc6a329-4da8-46c5-b115-c1362c3add68}</UniqueIdentifier>
    </Filter>
    <Filter Include="src\common">
      <UniqueIdentifier>{cccffe0b-9046-4e3f-8886-2f3a6110eb5f}</UniqueIdentifier>
    </Filter>
    <Filter Include="src\exampleFeature">
      <UniqueIdentifier>{c223689f-b001-42f6-b025-f1d1fa3dd425}</UniqueIdentifier>
    </Filter>
    <Filter Include="src\entity">
      <UniqueIdentifier>{8e69225a-54f5-4162-b0b3-08657b04d818}</UniqueIdentifier>
    </Filter>
    <Filter Include="include">
      <UniqueIdentifier>{5ac184ca-91bc-4a36-b398-68d905f29adb}</UniqueIdentifier>
    </Filter>
  </ItemGroup>
  <ItemGroup>
    <ClCompile Include="example.cpp">
      <Filter>src\exampleFeature</Filter>
    </ClCompile>
    <ClCompile Include="main.cpp">
      <Filter>src\bin</Filter>
    </ClCompile>
    <ClCompile Include="entity.cpp">
      <Filter>src\entity</Filter>
    </ClCompile>
    <ClCompile Include="Player.cpp">
      <Filter>src\player</Filter>
  </ItemGroup>
  <ItemGroup>
    <ClInclude Include="example.hpp">
      <Filter>src\exampleFeature</Filter>
    </ClInclude>
    <ClInclude Include="entity.hpp">
      <Filter>src\entity</Filter>
    </ClInclude>
    <ClInclude Include="..\include\raylib.h">
      <Filter>include</Filter>
    </ClInclude>
    <ClInclude Include="..\include\raymath.h">
      <Filter>include</Filter>
    </ClInclude>
    <ClInclude Include="Player.hpp">
      <Filter>src\player</Filter>
  </ItemGroup>
  <ItemGroup>
    <Library Include="..\lib\raylib.lib">
      <Filter>lib</Filter>
    </Library>
  </ItemGroup>
</Project>
